
Microsoft Visual Studio Solution File, Format Version 12.00
# Visual Studio Version 16
VisualStudioVersion = 16.0.30523.141
MinimumVisualStudioVersion = 10.0.40219.1
Project("{FAE04EC0-301F-11D3-BF4B-00C04F79EFBC}") = "Carcass of MusicController", "Carcass of MusicController\Carcass of MusicController.csproj", "{49E278EC-D8C9-44EA-9DE1-F1581BF15EC6}"
EndProject
Global
	GlobalSection(SolutionConfigurationPlatforms) = preSolution
		Debug|Any CPU = Debug|Any CPU
		Release|Any CPU = Release|Any CPU
	EndGlobalSection
	GlobalSection(ProjectConfigurationPlatforms) = postSolution
		{49E278EC-D8C9-44EA-9DE1-F1581BF15EC6}.Debug|Any CPU.ActiveCfg = Debug|Any CPU
		{49E278EC-D8C9-44EA-9DE1-F1581BF15EC6}.Debug|Any CPU.Build.0 = Debug|Any CPU
		{49E278EC-D8C9-44EA-9DE1-F1581BF15EC6}.Release|Any CPU.ActiveCfg = Release|Any CPU
		{49E278EC-D8C9-44EA-9DE1-F1581BF15EC6}.Release|Any CPU.Build.0 = Release|Any CPU
	EndGlobalSection
	GlobalSection(SolutionProperties) = preSolution
		HideSolutionNode = FALSE
	EndGlobalSection
	GlobalSection(ExtensibilityGlobals) = postSolution
		SolutionGuid = {A146F49F-BB6C-4BB8-856D-1543CFA4C336}
	EndGlobalSection
EndGlobal
